
Microsoft Visual Studio Solution File, Format Version 12.00
# Visual Studio Version 16
VisualStudioVersion = 16.0.30804.86
MinimumVisualStudioVersion = 10.0.40219.1
Project("{FAE04EC0-301F-11D3-BF4B-00C04F79EFBC}") = "Business", "Business\Business.csproj", "{928357FA-7FC8-4855-BA46-C89871DB90FB}"
EndProject
Project("{FAE04EC0-301F-11D3-BF4B-00C04F79EFBC}") = "DataAccess", "DataAccess\DataAccess.csproj", "{38231DB2-CBCA-4195-B295-055E4BF00806}"
EndProject
Project("{FAE04EC0-301F-11D3-BF4B-00C04F79EFBC}") = "Entities", "Entities\Entities.csproj", "{D8B27DA7-BDA2-40F6-BC85-C60C838AADFB}"
EndProject
Project("{FAE04EC0-301F-11D3-BF4B-00C04F79EFBC}") = "ConsoleUI", "ConsoleUI\ConsoleUI.csproj", "{6C2A9156-DB28-4DEE-A6CC-BBA8568834E6}"
EndProject
Global
	GlobalSection(SolutionConfigurationPlatforms) = preSolution
		Debug|Any CPU = Debug|Any CPU
		Release|Any CPU = Release|Any CPU
	EndGlobalSection
	GlobalSection(ProjectConfigurationPlatforms) = postSolution
		{928357FA-7FC8-4855-BA46-C89871DB90FB}.Debug|Any CPU.ActiveCfg = Debug|Any CPU
		{928357FA-7FC8-4855-BA46-C89871DB90FB}.Debug|Any CPU.Build.0 = Debug|Any CPU
		{928357FA-7FC8-4855-BA46-C89871DB90FB}.Release|Any CPU.ActiveCfg = Release|Any CPU
		{928357FA-7FC8-4855-BA46-C89871DB90FB}.Release|Any CPU.Build.0 = Release|Any CPU
		{38231DB2-CBCA-4195-B295-055E4BF00806}.Debug|Any CPU.ActiveCfg = Debug|Any CPU
		{38231DB2-CBCA-4195-B295-055E4BF00806}.Debug|Any CPU.Build.0 = Debug|Any CPU
		{38231DB2-CBCA-4195-B295-055E4BF00806}.Release|Any CPU.ActiveCfg = Release|Any CPU
		{38231DB2-CBCA-4195-B295-055E4BF00806}.Release|Any CPU.Build.0 = Release|Any CPU
		{D8B27DA7-BDA2-40F6-BC85-C60C838AADFB}.Debug|Any CPU.ActiveCfg = Debug|Any CPU
		{D8B27DA7-BDA2-40F6-BC85-C60C838AADFB}.Debug|Any CPU.Build.0 = Debug|Any CPU
		{D8B27DA7-BDA2-40F6-BC85-C60C838AADFB}.Release|Any CPU.ActiveCfg = Release|Any CPU
		{D8B27DA7-BDA2-40F6-BC85-C60C838AADFB}.Release|Any CPU.Build.0 = Release|Any CPU
		{6C2A9156-DB28-4DEE-A6CC-BBA8568834E6}.Debug|Any CPU.ActiveCfg = Debug|Any CPU
		{6C2A9156-DB28-4DEE-A6CC-BBA8568834E6}.Debug|Any CPU.Build.0 = Debug|Any CPU
		{6C2A9156-DB28-4DEE-A6CC-BBA8568834E6}.Release|Any CPU.ActiveCfg = Release|Any CPU
		{6C2A9156-DB28-4DEE-A6CC-BBA8568834E6}.Release|Any CPU.Build.0 = Release|Any CPU
	EndGlobalSection
	GlobalSection(SolutionProperties) = preSolution
		HideSolutionNode = FALSE
	EndGlobalSection
	GlobalSection(ExtensibilityGlobals) = postSolution
		SolutionGuid = {9F244466-BF1C-439A-AA52-6F8E61643D62}
	EndGlobalSection
EndGlobal
